
Microsoft Visual Studio Solution File, Format Version 12.00
# Visual Studio 15
VisualStudioVersion = 15.0.28307.168
MinimumVisualStudioVersion = 10.0.40219.1
Project("{FAE04EC0-301F-11D3-BF4B-00C04F79EFBC}") = "CreditSuisse", "CreditSuisse\CreditSuisse.csproj", "{0099E6F2-48E1-488F-83E5-CD7E55889E95}"
EndProject
Project("{FAE04EC0-301F-11D3-BF4B-00C04F79EFBC}") = "CreditSuisse.Test", "CreditSuisse.Test\CreditSuisse.Test.csproj", "{6E859BEE-B648-4BD4-9196-C249248C678D}"
EndProject
Global
	GlobalSection(SolutionConfigurationPlatforms) = preSolution
		Debug|Any CPU = Debug|Any CPU
		Release|Any CPU = Release|Any CPU
	EndGlobalSection
	GlobalSection(ProjectConfigurationPlatforms) = postSolution
		{0099E6F2-48E1-488F-83E5-CD7E55889E95}.Debug|Any CPU.ActiveCfg = Debug|Any CPU
		{0099E6F2-48E1-488F-83E5-CD7E55889E95}.Debug|Any CPU.Build.0 = Debug|Any CPU
		{0099E6F2-48E1-488F-83E5-CD7E55889E95}.Release|Any CPU.ActiveCfg = Release|Any CPU
		{0099E6F2-48E1-488F-83E5-CD7E55889E95}.Release|Any CPU.Build.0 = Release|Any CPU
		{6E859BEE-B648-4BD4-9196-C249248C678D}.Debug|Any CPU.ActiveCfg = Debug|Any CPU
		{6E859BEE-B648-4BD4-9196-C249248C678D}.Debug|Any CPU.Build.0 = Debug|Any CPU
		{6E859BEE-B648-4BD4-9196-C249248C678D}.Release|Any CPU.ActiveCfg = Release|Any CPU
		{6E859BEE-B648-4BD4-9196-C249248C678D}.Release|Any CPU.Build.0 = Release|Any CPU
	EndGlobalSection
	GlobalSection(SolutionProperties) = preSolution
		HideSolutionNode = FALSE
	EndGlobalSection
	GlobalSection(ExtensibilityGlobals) = postSolution
		SolutionGuid = {37638C12-7201-4020-AD0E-3BD99A284054}
	EndGlobalSection
EndGlobal
